// !$*UTF8*$!
{
	archiveVersion = 1;
	classes = {
	};
	objectVersion = 55;
	objects = {

/* Begin PBXBuildFile section */
		211AE7A32780D62800BA1937 /* Education.storyboard in Resources */ = {isa = PBXBuildFile; fileRef = 211AE7A22780D62800BA1937 /* Education.storyboard */; };
		211AE7A52780D65100BA1937 /* EducationViewController.swift in Sources */ = {isa = PBXBuildFile; fileRef = 211AE7A42780D65100BA1937 /* EducationViewController.swift */; };
		211AE7A727834A0200BA1937 /* ExperienceTableViewDataSource.swift in Sources */ = {isa = PBXBuildFile; fileRef = 211AE7A627834A0200BA1937 /* ExperienceTableViewDataSource.swift */; };
		21210391277E3DB70001D8B8 /* LocalizableString.swift in Sources */ = {isa = PBXBuildFile; fileRef = 21210390277E3DB70001D8B8 /* LocalizableString.swift */; };
		21210393277E55780001D8B8 /* Data.swift in Sources */ = {isa = PBXBuildFile; fileRef = 21210392277E55780001D8B8 /* Data.swift */; };
		21210399277E95980001D8B8 /* SectionRowCell.xib in Resources */ = {isa = PBXBuildFile; fileRef = 21210398277E95980001D8B8 /* SectionRowCell.xib */; };
		2121039B277E95B60001D8B8 /* SectionRowCell.swift in Sources */ = {isa = PBXBuildFile; fileRef = 2121039A277E95B60001D8B8 /* SectionRowCell.swift */; };
		21362EA52788A71500A26778 /* UIColor.swift in Sources */ = {isa = PBXBuildFile; fileRef = 21362EA42788A71500A26778 /* UIColor.swift */; };
		21362EA82788C26600A26778 /* UITableView.swift in Sources */ = {isa = PBXBuildFile; fileRef = 21362EA72788C26600A26778 /* UITableView.swift */; };
		21362EAA2788C4BF00A26778 /* UITabBarController.swift in Sources */ = {isa = PBXBuildFile; fileRef = 21362EA92788C4BF00A26778 /* UITabBarController.swift */; };
		21362EAC2788E2E600A26778 /* Summary.storyboard in Resources */ = {isa = PBXBuildFile; fileRef = 21362EAB2788E2E600A26778 /* Summary.storyboard */; };
		21362EAE2788E2F900A26778 /* SummaryViewController.swift in Sources */ = {isa = PBXBuildFile; fileRef = 21362EAD2788E2F900A26778 /* SummaryViewController.swift */; };
		21362EB02788E35F00A26778 /* SummaryTableViewDataSource.swift in Sources */ = {isa = PBXBuildFile; fileRef = 21362EAF2788E35F00A26778 /* SummaryTableViewDataSource.swift */; };
		21362EB52789D14D00A26778 /* HighlightSectionHeaderCell.swift in Sources */ = {isa = PBXBuildFile; fileRef = 21362EB42789D14D00A26778 /* HighlightSectionHeaderCell.swift */; };
		21362EB92789D2B800A26778 /* HighlightSectionHeaderCell.xib in Resources */ = {isa = PBXBuildFile; fileRef = 21362EB82789D2B800A26778 /* HighlightSectionHeaderCell.xib */; };
		21362EBB2789F3AD00A26778 /* UIViewController.swift in Sources */ = {isa = PBXBuildFile; fileRef = 21362EBA2789F3AD00A26778 /* UIViewController.swift */; };
		21362EBD278A600600A26778 /* EducationTableViewDataSource.swift in Sources */ = {isa = PBXBuildFile; fileRef = 21362EBC278A600600A26778 /* EducationTableViewDataSource.swift */; };
		21362EBF278A847700A26778 /* SummaryCoordinator.swift in Sources */ = {isa = PBXBuildFile; fileRef = 21362EBE278A847700A26778 /* SummaryCoordinator.swift */; };
		21362EC6278BEA8200A26778 /* ExperienceCoordinator.swift in Sources */ = {isa = PBXBuildFile; fileRef = 21362EC5278BEA8200A26778 /* ExperienceCoordinator.swift */; };
		21362EC8278C81EE00A26778 /* UnixTime.swift in Sources */ = {isa = PBXBuildFile; fileRef = 21362EC7278C81EE00A26778 /* UnixTime.swift */; };
		21362ECA278C823F00A26778 /* Language.swift in Sources */ = {isa = PBXBuildFile; fileRef = 21362EC9278C823F00A26778 /* Language.swift */; };
		21362ECC278C89AD00A26778 /* City.swift in Sources */ = {isa = PBXBuildFile; fileRef = 21362ECB278C89AD00A26778 /* City.swift */; };
		21362ECE278C89C800A26778 /* State.swift in Sources */ = {isa = PBXBuildFile; fileRef = 21362ECD278C89C800A26778 /* State.swift */; };
		21362ED0278C89E300A26778 /* WebLink.swift in Sources */ = {isa = PBXBuildFile; fileRef = 21362ECF278C89E300A26778 /* WebLink.swift */; };
		21480F1A277E3340005D2907 /* SectionHeaderCell.xib in Resources */ = {isa = PBXBuildFile; fileRef = 21480F18277E3340005D2907 /* SectionHeaderCell.xib */; };
		21480F1B277E3340005D2907 /* SectionHeaderCell.swift in Sources */ = {isa = PBXBuildFile; fileRef = 21480F19277E3340005D2907 /* SectionHeaderCell.swift */; };
		21480F1D277E3704005D2907 /* Icon.swift in Sources */ = {isa = PBXBuildFile; fileRef = 21480F1C277E3704005D2907 /* Icon.swift */; };
		217A117A277BB2A0007977CC /* AppDelegate.swift in Sources */ = {isa = PBXBuildFile; fileRef = 217A1179277BB2A0007977CC /* AppDelegate.swift */; };
		217A117C277BB2A0007977CC /* SceneDelegate.swift in Sources */ = {isa = PBXBuildFile; fileRef = 217A117B277BB2A0007977CC /* SceneDelegate.swift */; };
		217A117E277BB2A0007977CC /* MainTabViewController.swift in Sources */ = {isa = PBXBuildFile; fileRef = 217A117D277BB2A0007977CC /* MainTabViewController.swift */; };
		217A1181277BB2A0007977CC /* Main.storyboard in Resources */ = {isa = PBXBuildFile; fileRef = 217A117F277BB2A0007977CC /* Main.storyboard */; };
		217A1183277BB2A2007977CC /* Icons.xcassets in Resources */ = {isa = PBXBuildFile; fileRef = 217A1182277BB2A2007977CC /* Icons.xcassets */; };
		217A1186277BB2A2007977CC /* LaunchScreen.storyboard in Resources */ = {isa = PBXBuildFile; fileRef = 217A1184277BB2A2007977CC /* LaunchScreen.storyboard */; };
		217A118F277BB6D0007977CC /* Models.swift in Sources */ = {isa = PBXBuildFile; fileRef = 217A118E277BB6D0007977CC /* Models.swift */; };
		217A1192277BBB46007977CC /* Date.swift in Sources */ = {isa = PBXBuildFile; fileRef = 217A1191277BBB46007977CC /* Date.swift */; };
		21D396AF277C8358007ECA78 /* RootCoordinator.swift in Sources */ = {isa = PBXBuildFile; fileRef = 21D396AE277C8358007ECA78 /* RootCoordinator.swift */; };
		21D396B1277CDAD6007ECA78 /* ExperienceNavController.swift in Sources */ = {isa = PBXBuildFile; fileRef = 21D396B0277CDAD6007ECA78 /* ExperienceNavController.swift */; };
		21D396B3277CDAF1007ECA78 /* EducationNavController.swift in Sources */ = {isa = PBXBuildFile; fileRef = 21D396B2277CDAF1007ECA78 /* EducationNavController.swift */; };
		21D396B7277CDC83007ECA78 /* Localizable.strings in Resources */ = {isa = PBXBuildFile; fileRef = 21D396B9277CDC83007ECA78 /* Localizable.strings */; };
		21D396BB277CDD5B007ECA78 /* String.swift in Sources */ = {isa = PBXBuildFile; fileRef = 21D396BA277CDD5B007ECA78 /* String.swift */; };
		21D396BD277CE889007ECA78 /* SummaryNavController.swift in Sources */ = {isa = PBXBuildFile; fileRef = 21D396BC277CE889007ECA78 /* SummaryNavController.swift */; };
		21D396BF277CEA87007ECA78 /* UINavigationController.swift in Sources */ = {isa = PBXBuildFile; fileRef = 21D396BE277CEA86007ECA78 /* UINavigationController.swift */; };
		21D396C5277D0585007ECA78 /* Experience.storyboard in Resources */ = {isa = PBXBuildFile; fileRef = 21D396C4277D0585007ECA78 /* Experience.storyboard */; };
		21D396C7277D09E7007ECA78 /* ExperienceViewController.swift in Sources */ = {isa = PBXBuildFile; fileRef = 21D396C6277D09E7007ECA78 /* ExperienceViewController.swift */; };
/* End PBXBuildFile section */

/* Begin PBXFileReference section */
		211AE7A22780D62800BA1937 /* Education.storyboard */ = {isa = PBXFileReference; lastKnownFileType = file.storyboard; path = Education.storyboard; sourceTree = "<group>"; };
		211AE7A42780D65100BA1937 /* EducationViewController.swift */ = {isa = PBXFileReference; lastKnownFileType = sourcecode.swift; path = EducationViewController.swift; sourceTree = "<group>"; };
		211AE7A627834A0200BA1937 /* ExperienceTableViewDataSource.swift */ = {isa = PBXFileReference; lastKnownFileType = sourcecode.swift; path = ExperienceTableViewDataSource.swift; sourceTree = "<group>"; };
		21210390277E3DB70001D8B8 /* LocalizableString.swift */ = {isa = PBXFileReference; lastKnownFileType = sourcecode.swift; path = LocalizableString.swift; sourceTree = "<group>"; };
		21210392277E55780001D8B8 /* Data.swift */ = {isa = PBXFileReference; lastKnownFileType = sourcecode.swift; path = Data.swift; sourceTree = "<group>"; };
		21210398277E95980001D8B8 /* SectionRowCell.xib */ = {isa = PBXFileReference; lastKnownFileType = file.xib; path = SectionRowCell.xib; sourceTree = "<group>"; };
		2121039A277E95B60001D8B8 /* SectionRowCell.swift */ = {isa = PBXFileReference; lastKnownFileType = sourcecode.swift; path = SectionRowCell.swift; sourceTree = "<group>"; };
		21362EA42788A71500A26778 /* UIColor.swift */ = {isa = PBXFileReference; lastKnownFileType = sourcecode.swift; path = UIColor.swift; sourceTree = "<group>"; };
		21362EA72788C26600A26778 /* UITableView.swift */ = {isa = PBXFileReference; lastKnownFileType = sourcecode.swift; path = UITableView.swift; sourceTree = "<group>"; };
		21362EA92788C4BF00A26778 /* UITabBarController.swift */ = {isa = PBXFileReference; lastKnownFileType = sourcecode.swift; path = UITabBarController.swift; sourceTree = "<group>"; };
		21362EAB2788E2E600A26778 /* Summary.storyboard */ = {isa = PBXFileReference; lastKnownFileType = file.storyboard; path = Summary.storyboard; sourceTree = "<group>"; };
		21362EAD2788E2F900A26778 /* SummaryViewController.swift */ = {isa = PBXFileReference; lastKnownFileType = sourcecode.swift; path = SummaryViewController.swift; sourceTree = "<group>"; };
		21362EAF2788E35F00A26778 /* SummaryTableViewDataSource.swift */ = {isa = PBXFileReference; lastKnownFileType = sourcecode.swift; path = SummaryTableViewDataSource.swift; sourceTree = "<group>"; };
		21362EB42789D14D00A26778 /* HighlightSectionHeaderCell.swift */ = {isa = PBXFileReference; lastKnownFileType = sourcecode.swift; path = HighlightSectionHeaderCell.swift; sourceTree = "<group>"; };
		21362EB82789D2B800A26778 /* HighlightSectionHeaderCell.xib */ = {isa = PBXFileReference; lastKnownFileType = file.xib; path = HighlightSectionHeaderCell.xib; sourceTree = "<group>"; };
		21362EBA2789F3AD00A26778 /* UIViewController.swift */ = {isa = PBXFileReference; lastKnownFileType = sourcecode.swift; path = UIViewController.swift; sourceTree = "<group>"; };
		21362EBC278A600600A26778 /* EducationTableViewDataSource.swift */ = {isa = PBXFileReference; lastKnownFileType = sourcecode.swift; path = EducationTableViewDataSource.swift; sourceTree = "<group>"; };
		21362EBE278A847700A26778 /* SummaryCoordinator.swift */ = {isa = PBXFileReference; lastKnownFileType = sourcecode.swift; path = SummaryCoordinator.swift; sourceTree = "<group>"; };
		21362EC5278BEA8200A26778 /* ExperienceCoordinator.swift */ = {isa = PBXFileReference; lastKnownFileType = sourcecode.swift; path = ExperienceCoordinator.swift; sourceTree = "<group>"; };
		21362EC7278C81EE00A26778 /* UnixTime.swift */ = {isa = PBXFileReference; lastKnownFileType = sourcecode.swift; path = UnixTime.swift; sourceTree = "<group>"; };
		21362EC9278C823F00A26778 /* Language.swift */ = {isa = PBXFileReference; lastKnownFileType = sourcecode.swift; path = Language.swift; sourceTree = "<group>"; };
		21362ECB278C89AD00A26778 /* City.swift */ = {isa = PBXFileReference; lastKnownFileType = sourcecode.swift; path = City.swift; sourceTree = "<group>"; };
		21362ECD278C89C800A26778 /* State.swift */ = {isa = PBXFileReference; lastKnownFileType = sourcecode.swift; path = State.swift; sourceTree = "<group>"; };
		21362ECF278C89E300A26778 /* WebLink.swift */ = {isa = PBXFileReference; lastKnownFileType = sourcecode.swift; path = WebLink.swift; sourceTree = "<group>"; };
		21480F18277E3340005D2907 /* SectionHeaderCell.xib */ = {isa = PBXFileReference; fileEncoding = 4; lastKnownFileType = file.xib; path = SectionHeaderCell.xib; sourceTree = "<group>"; };
		21480F19277E3340005D2907 /* SectionHeaderCell.swift */ = {isa = PBXFileReference; fileEncoding = 4; lastKnownFileType = sourcecode.swift; path = SectionHeaderCell.swift; sourceTree = "<group>"; };
		21480F1C277E3704005D2907 /* Icon.swift */ = {isa = PBXFileReference; lastKnownFileType = sourcecode.swift; path = Icon.swift; sourceTree = "<group>"; };
		217A1176277BB2A0007977CC /* Resume.app */ = {isa = PBXFileReference; explicitFileType = wrapper.application; includeInIndex = 0; path = Resume.app; sourceTree = BUILT_PRODUCTS_DIR; };
		217A1179277BB2A0007977CC /* AppDelegate.swift */ = {isa = PBXFileReference; lastKnownFileType = sourcecode.swift; path = AppDelegate.swift; sourceTree = "<group>"; };
		217A117B277BB2A0007977CC /* SceneDelegate.swift */ = {isa = PBXFileReference; lastKnownFileType = sourcecode.swift; path = SceneDelegate.swift; sourceTree = "<group>"; };
		217A117D277BB2A0007977CC /* MainTabViewController.swift */ = {isa = PBXFileReference; lastKnownFileType = sourcecode.swift; path = MainTabViewController.swift; sourceTree = "<group>"; };
		217A1180277BB2A0007977CC /* Base */ = {isa = PBXFileReference; lastKnownFileType = file.storyboard; name = Base; path = Base.lproj/Main.storyboard; sourceTree = "<group>"; };
		217A1182277BB2A2007977CC /* Icons.xcassets */ = {isa = PBXFileReference; lastKnownFileType = folder.assetcatalog; path = Icons.xcassets; sourceTree = "<group>"; };
		217A1185277BB2A2007977CC /* Base */ = {isa = PBXFileReference; lastKnownFileType = file.storyboard; name = Base; path = Base.lproj/LaunchScreen.storyboard; sourceTree = "<group>"; };
		217A1187277BB2A2007977CC /* Info.plist */ = {isa = PBXFileReference; lastKnownFileType = text.plist.xml; path = Info.plist; sourceTree = "<group>"; };
		217A118E277BB6D0007977CC /* Models.swift */ = {isa = PBXFileReference; lastKnownFileType = sourcecode.swift; path = Models.swift; sourceTree = "<group>"; };
		217A1191277BBB46007977CC /* Date.swift */ = {isa = PBXFileReference; lastKnownFileType = sourcecode.swift; path = Date.swift; sourceTree = "<group>"; };
		21D396AE277C8358007ECA78 /* RootCoordinator.swift */ = {isa = PBXFileReference; lastKnownFileType = sourcecode.swift; path = RootCoordinator.swift; sourceTree = "<group>"; };
		21D396B0277CDAD6007ECA78 /* ExperienceNavController.swift */ = {isa = PBXFileReference; lastKnownFileType = sourcecode.swift; path = ExperienceNavController.swift; sourceTree = "<group>"; };
		21D396B2277CDAF1007ECA78 /* EducationNavController.swift */ = {isa = PBXFileReference; lastKnownFileType = sourcecode.swift; path = EducationNavController.swift; sourceTree = "<group>"; };
		21D396B8277CDC83007ECA78 /* en */ = {isa = PBXFileReference; lastKnownFileType = text.plist.strings; name = en; path = en.lproj/Localizable.strings; sourceTree = "<group>"; };
		21D396BA277CDD5B007ECA78 /* String.swift */ = {isa = PBXFileReference; lastKnownFileType = sourcecode.swift; path = String.swift; sourceTree = "<group>"; };
		21D396BC277CE889007ECA78 /* SummaryNavController.swift */ = {isa = PBXFileReference; lastKnownFileType = sourcecode.swift; path = SummaryNavController.swift; sourceTree = "<group>"; };
		21D396BE277CEA86007ECA78 /* UINavigationController.swift */ = {isa = PBXFileReference; lastKnownFileType = sourcecode.swift; path = UINavigationController.swift; sourceTree = "<group>"; };
		21D396C4277D0585007ECA78 /* Experience.storyboard */ = {isa = PBXFileReference; lastKnownFileType = file.storyboard; path = Experience.storyboard; sourceTree = "<group>"; };
		21D396C6277D09E7007ECA78 /* ExperienceViewController.swift */ = {isa = PBXFileReference; lastKnownFileType = sourcecode.swift; path = ExperienceViewController.swift; sourceTree = "<group>"; };
/* End PBXFileReference section */

/* Begin PBXFrameworksBuildPhase section */
		217A1173277BB2A0007977CC /* Frameworks */ = {
			isa = PBXFrameworksBuildPhase;
			buildActionMask = 2147483647;
			files = (
			);
			runOnlyForDeploymentPostprocessing = 0;
		};
/* End PBXFrameworksBuildPhase section */

/* Begin PBXGroup section */
		21210396277E94BF0001D8B8 /* Section Header */ = {
			isa = PBXGroup;
			children = (
				21480F18277E3340005D2907 /* SectionHeaderCell.xib */,
				21480F19277E3340005D2907 /* SectionHeaderCell.swift */,
			);
			path = "Section Header";
			sourceTree = "<group>";
		};
		21210397277E94CA0001D8B8 /* Section Row */ = {
			isa = PBXGroup;
			children = (
				21210398277E95980001D8B8 /* SectionRowCell.xib */,
				2121039A277E95B60001D8B8 /* SectionRowCell.swift */,
			);
			name = "Section Row";
			sourceTree = "<group>";
		};
		21362EA62788BEB400A26778 /* Network */ = {
			isa = PBXGroup;
			children = (
				21210392277E55780001D8B8 /* Data.swift */,
			);
			path = Network;
			sourceTree = "<group>";
		};
		21362EB12789D0FF00A26778 /* Highlight Section Header */ = {
			isa = PBXGroup;
			children = (
				21362EB82789D2B800A26778 /* HighlightSectionHeaderCell.xib */,
				21362EB42789D14D00A26778 /* HighlightSectionHeaderCell.swift */,
			);
			path = "Highlight Section Header";
			sourceTree = "<group>";
		};
		21480F1E277E3D22005D2907 /* Icons */ = {
			isa = PBXGroup;
			children = (
				217A1182277BB2A2007977CC /* Icons.xcassets */,
				21480F1C277E3704005D2907 /* Icon.swift */,
			);
			path = Icons;
			sourceTree = "<group>";
		};
		21480F1F277E3D2B005D2907 /* Strings */ = {
			isa = PBXGroup;
			children = (
				21D396B9277CDC83007ECA78 /* Localizable.strings */,
				21210390277E3DB70001D8B8 /* LocalizableString.swift */,
			);
			path = Strings;
			sourceTree = "<group>";
		};
		217A116D277BB2A0007977CC = {
			isa = PBXGroup;
			children = (
				217A1178277BB2A0007977CC /* Resume */,
				217A1177277BB2A0007977CC /* Products */,
			);
			sourceTree = "<group>";
		};
		217A1177277BB2A0007977CC /* Products */ = {
			isa = PBXGroup;
			children = (
				217A1176277BB2A0007977CC /* Resume.app */,
			);
			name = Products;
			sourceTree = "<group>";
		};
		217A1178277BB2A0007977CC /* Resume */ = {
			isa = PBXGroup;
			children = (
				21D396AC277C81A9007ECA78 /* Tab Controller */,
				21D396C0277D0528007ECA78 /* Tabs */,
				21D396D5277E2C4E007ECA78 /* Reusable UI Components */,
				217A1184277BB2A2007977CC /* LaunchScreen.storyboard */,
				217A1187277BB2A2007977CC /* Info.plist */,
				217A1179277BB2A0007977CC /* AppDelegate.swift */,
				217A117B277BB2A0007977CC /* SceneDelegate.swift */,
				21D396AD277C834B007ECA78 /* Coordination */,
				21362EA62788BEB400A26778 /* Network */,
				217A1190277BBB37007977CC /* Extensions */,
				217A118D277BB64E007977CC /* Models */,
				21D396B4277CDC39007ECA78 /* Assets */,
			);
			path = Resume;
			sourceTree = "<group>";
		};
		217A118D277BB64E007977CC /* Models */ = {
			isa = PBXGroup;
			children = (
				217A118E277BB6D0007977CC /* Models.swift */,
				21362EC7278C81EE00A26778 /* UnixTime.swift */,
				21362EC9278C823F00A26778 /* Language.swift */,
				21362ECB278C89AD00A26778 /* City.swift */,
				21362ECD278C89C800A26778 /* State.swift */,
				21362ECF278C89E300A26778 /* WebLink.swift */,
			);
			path = Models;
			sourceTree = "<group>";
		};
		217A1190277BBB37007977CC /* Extensions */ = {
			isa = PBXGroup;
			children = (
				21362EA42788A71500A26778 /* UIColor.swift */,
				217A1191277BBB46007977CC /* Date.swift */,
				21D396BA277CDD5B007ECA78 /* String.swift */,
				21D396BE277CEA86007ECA78 /* UINavigationController.swift */,
				21362EA72788C26600A26778 /* UITableView.swift */,
				21362EA92788C4BF00A26778 /* UITabBarController.swift */,
				21362EBA2789F3AD00A26778 /* UIViewController.swift */,
			);
			path = Extensions;
			sourceTree = "<group>";
		};
		21D396AC277C81A9007ECA78 /* Tab Controller */ = {
			isa = PBXGroup;
			children = (
				217A117F277BB2A0007977CC /* Main.storyboard */,
				217A117D277BB2A0007977CC /* MainTabViewController.swift */,
			);
			path = "Tab Controller";
			sourceTree = "<group>";
		};
		21D396AD277C834B007ECA78 /* Coordination */ = {
			isa = PBXGroup;
			children = (
				21D396AE277C8358007ECA78 /* RootCoordinator.swift */,
				21362EBE278A847700A26778 /* SummaryCoordinator.swift */,
				21362EC5278BEA8200A26778 /* ExperienceCoordinator.swift */,
			);
			path = Coordination;
			sourceTree = "<group>";
		};
		21D396B4277CDC39007ECA78 /* Assets */ = {
			isa = PBXGroup;
			children = (
				21480F1E277E3D22005D2907 /* Icons */,
				21480F1F277E3D2B005D2907 /* Strings */,
			);
			path = Assets;
			sourceTree = "<group>";
		};
		21D396C0277D0528007ECA78 /* Tabs */ = {
			isa = PBXGroup;
			children = (
				21D396C3277D0546007ECA78 /* Summary */,
				21D396C1277D0533007ECA78 /* Experience */,
				21D396C2277D053D007ECA78 /* Education */,
			);
			path = Tabs;
			sourceTree = "<group>";
		};
		21D396C1277D0533007ECA78 /* Experience */ = {
			isa = PBXGroup;
			children = (
				21D396C4277D0585007ECA78 /* Experience.storyboard */,
				21D396B0277CDAD6007ECA78 /* ExperienceNavController.swift */,
				21D396C6277D09E7007ECA78 /* ExperienceViewController.swift */,
				211AE7A627834A0200BA1937 /* ExperienceTableViewDataSource.swift */,
			);
			path = Experience;
			sourceTree = "<group>";
		};
		21D396C2277D053D007ECA78 /* Education */ = {
			isa = PBXGroup;
			children = (
				211AE7A22780D62800BA1937 /* Education.storyboard */,
				21D396B2277CDAF1007ECA78 /* EducationNavController.swift */,
				211AE7A42780D65100BA1937 /* EducationViewController.swift */,
				21362EBC278A600600A26778 /* EducationTableViewDataSource.swift */,
			);
			path = Education;
			sourceTree = "<group>";
		};
		21D396C3277D0546007ECA78 /* Summary */ = {
			isa = PBXGroup;
			children = (
				21362EAB2788E2E600A26778 /* Summary.storyboard */,
				21D396BC277CE889007ECA78 /* SummaryNavController.swift */,
				21362EAD2788E2F900A26778 /* SummaryViewController.swift */,
				21362EAF2788E35F00A26778 /* SummaryTableViewDataSource.swift */,
			);
			path = Summary;
			sourceTree = "<group>";
		};
		21D396D5277E2C4E007ECA78 /* Reusable UI Components */ = {
			isa = PBXGroup;
			children = (
				21362EB12789D0FF00A26778 /* Highlight Section Header */,
				21210397277E94CA0001D8B8 /* Section Row */,
				21210396277E94BF0001D8B8 /* Section Header */,
			);
			path = "Reusable UI Components";
			sourceTree = "<group>";
		};
/* End PBXGroup section */

/* Begin PBXNativeTarget section */
		217A1175277BB2A0007977CC /* Resume */ = {
			isa = PBXNativeTarget;
			buildConfigurationList = 217A118A277BB2A2007977CC /* Build configuration list for PBXNativeTarget "Resume" */;
			buildPhases = (
				217A1193277BBD78007977CC /* ShellScript */,
				217A1172277BB2A0007977CC /* Sources */,
				217A1173277BB2A0007977CC /* Frameworks */,
				217A1174277BB2A0007977CC /* Resources */,
			);
			buildRules = (
			);
			dependencies = (
			);
			name = Resume;
			packageProductDependencies = (
			);
			productName = resume;
			productReference = 217A1176277BB2A0007977CC /* Resume.app */;
			productType = "com.apple.product-type.application";
		};
/* End PBXNativeTarget section */

/* Begin PBXProject section */
		217A116E277BB2A0007977CC /* Project object */ = {
			isa = PBXProject;
			attributes = {
				BuildIndependentTargetsInParallel = 1;
				LastSwiftUpdateCheck = 1320;
				LastUpgradeCheck = 1320;
				TargetAttributes = {
					217A1175277BB2A0007977CC = {
						CreatedOnToolsVersion = 13.2.1;
					};
				};
			};
			buildConfigurationList = 217A1171277BB2A0007977CC /* Build configuration list for PBXProject "Resume" */;
			compatibilityVersion = "Xcode 13.0";
			developmentRegion = en;
			hasScannedForEncodings = 0;
			knownRegions = (
				en,
				Base,
			);
			mainGroup = 217A116D277BB2A0007977CC;
			packageReferences = (
			);
			productRefGroup = 217A1177277BB2A0007977CC /* Products */;
			projectDirPath = "";
			projectRoot = "";
			targets = (
				217A1175277BB2A0007977CC /* Resume */,
			);
		};
/* End PBXProject section */

/* Begin PBXResourcesBuildPhase section */
		217A1174277BB2A0007977CC /* Resources */ = {
			isa = PBXResourcesBuildPhase;
			buildActionMask = 2147483647;
			files = (
				21480F1A277E3340005D2907 /* SectionHeaderCell.xib in Resources */,
				217A1186277BB2A2007977CC /* LaunchScreen.storyboard in Resources */,
				21210399277E95980001D8B8 /* SectionRowCell.xib in Resources */,
				21D396C5277D0585007ECA78 /* Experience.storyboard in Resources */,
				21D396B7277CDC83007ECA78 /* Localizable.strings in Resources */,
				217A1183277BB2A2007977CC /* Icons.xcassets in Resources */,
				217A1181277BB2A0007977CC /* Main.storyboard in Resources */,
				21362EB92789D2B800A26778 /* HighlightSectionHeaderCell.xib in Resources */,
				21362EAC2788E2E600A26778 /* Summary.storyboard in Resources */,
				211AE7A32780D62800BA1937 /* Education.storyboard in Resources */,
			);
			runOnlyForDeploymentPostprocessing = 0;
		};
/* End PBXResourcesBuildPhase section */

/* Begin PBXShellScriptBuildPhase section */
		217A1193277BBD78007977CC /* ShellScript */ = {
			isa = PBXShellScriptBuildPhase;
			buildActionMask = 2147483647;
			files = (
			);
			inputFileListPaths = (
			);
			inputPaths = (
			);
			outputFileListPaths = (
			);
			outputPaths = (
			);
			runOnlyForDeploymentPostprocessing = 0;
			shellPath = /bin/sh;
			shellScript = "if which swiftlint >/dev/null; then\n  swiftlint && swiftlint --fix\nelse\n  echo \"warning: SwiftLint not installed, download from https://github.com/realm/SwiftLint\"\nfi\n";
		};
/* End PBXShellScriptBuildPhase section */

/* Begin PBXSourcesBuildPhase section */
		217A1172277BB2A0007977CC /* Sources */ = {
			isa = PBXSourcesBuildPhase;
			buildActionMask = 2147483647;
			files = (
				21362EC6278BEA8200A26778 /* ExperienceCoordinator.swift in Sources */,
				21D396B1277CDAD6007ECA78 /* ExperienceNavController.swift in Sources */,
				21362EA52788A71500A26778 /* UIColor.swift in Sources */,
				217A117E277BB2A0007977CC /* MainTabViewController.swift in Sources */,
				21480F1B277E3340005D2907 /* SectionHeaderCell.swift in Sources */,
				211AE7A52780D65100BA1937 /* EducationViewController.swift in Sources */,
				21362EAA2788C4BF00A26778 /* UITabBarController.swift in Sources */,
				21D396BF277CEA87007ECA78 /* UINavigationController.swift in Sources */,
				217A1192277BBB46007977CC /* Date.swift in Sources */,
				21362EBD278A600600A26778 /* EducationTableViewDataSource.swift in Sources */,
				21362EBF278A847700A26778 /* SummaryCoordinator.swift in Sources */,
				21D396C7277D09E7007ECA78 /* ExperienceViewController.swift in Sources */,
				21362EB52789D14D00A26778 /* HighlightSectionHeaderCell.swift in Sources */,
				21D396BB277CDD5B007ECA78 /* String.swift in Sources */,
				21362ECE278C89C800A26778 /* State.swift in Sources */,
				21480F1D277E3704005D2907 /* Icon.swift in Sources */,
				21D396BD277CE889007ECA78 /* SummaryNavController.swift in Sources */,
				21362ED0278C89E300A26778 /* WebLink.swift in Sources */,
				217A117A277BB2A0007977CC /* AppDelegate.swift in Sources */,
				21D396B3277CDAF1007ECA78 /* EducationNavController.swift in Sources */,
				217A117C277BB2A0007977CC /* SceneDelegate.swift in Sources */,
				21210391277E3DB70001D8B8 /* LocalizableString.swift in Sources */,
				2121039B277E95B60001D8B8 /* SectionRowCell.swift in Sources */,
				21D396AF277C8358007ECA78 /* RootCoordinator.swift in Sources */,
				21362ECA278C823F00A26778 /* Language.swift in Sources */,
				21362EC8278C81EE00A26778 /* UnixTime.swift in Sources */,
				217A118F277BB6D0007977CC /* Models.swift in Sources */,
				21362EBB2789F3AD00A26778 /* UIViewController.swift in Sources */,
				21210393277E55780001D8B8 /* Data.swift in Sources */,
				21362EAE2788E2F900A26778 /* SummaryViewController.swift in Sources */,
				211AE7A727834A0200BA1937 /* ExperienceTableViewDataSource.swift in Sources */,
				21362EB02788E35F00A26778 /* SummaryTableViewDataSource.swift in Sources */,
				21362ECC278C89AD00A26778 /* City.swift in Sources */,
				21362EA82788C26600A26778 /* UITableView.swift in Sources */,
			);
			runOnlyForDeploymentPostprocessing = 0;
		};
/* End PBXSourcesBuildPhase section */

/* Begin PBXVariantGroup section */
		217A117F277BB2A0007977CC /* Main.storyboard */ = {
			isa = PBXVariantGroup;
			children = (
				217A1180277BB2A0007977CC /* Base */,
			);
			name = Main.storyboard;
			sourceTree = "<group>";
		};
		217A1184277BB2A2007977CC /* LaunchScreen.storyboard */ = {
			isa = PBXVariantGroup;
			children = (
				217A1185277BB2A2007977CC /* Base */,
			);
			name = LaunchScreen.storyboard;
			sourceTree = "<group>";
		};
		21D396B9277CDC83007ECA78 /* Localizable.strings */ = {
			isa = PBXVariantGroup;
			children = (
				21D396B8277CDC83007ECA78 /* en */,
			);
			name = Localizable.strings;
			sourceTree = "<group>";
		};
/* End PBXVariantGroup section */

/* Begin XCBuildConfiguration section */
		217A1188277BB2A2007977CC /* Debug */ = {
			isa = XCBuildConfiguration;
			buildSettings = {
				ALWAYS_SEARCH_USER_PATHS = NO;
				CLANG_ANALYZER_NONNULL = YES;
				CLANG_ANALYZER_NUMBER_OBJECT_CONVERSION = YES_AGGRESSIVE;
				CLANG_CXX_LANGUAGE_STANDARD = "gnu++17";
				CLANG_CXX_LIBRARY = "libc++";
				CLANG_ENABLE_MODULES = YES;
				CLANG_ENABLE_OBJC_ARC = YES;
				CLANG_ENABLE_OBJC_WEAK = YES;
				CLANG_WARN_BLOCK_CAPTURE_AUTORELEASING = YES;
				CLANG_WARN_BOOL_CONVERSION = YES;
				CLANG_WARN_COMMA = YES;
				CLANG_WARN_CONSTANT_CONVERSION = YES;
				CLANG_WARN_DEPRECATED_OBJC_IMPLEMENTATIONS = YES;
				CLANG_WARN_DIRECT_OBJC_ISA_USAGE = YES_ERROR;
				CLANG_WARN_DOCUMENTATION_COMMENTS = YES;
				CLANG_WARN_EMPTY_BODY = YES;
				CLANG_WARN_ENUM_CONVERSION = YES;
				CLANG_WARN_INFINITE_RECURSION = YES;
				CLANG_WARN_INT_CONVERSION = YES;
				CLANG_WARN_NON_LITERAL_NULL_CONVERSION = YES;
				CLANG_WARN_OBJC_IMPLICIT_RETAIN_SELF = YES;
				CLANG_WARN_OBJC_LITERAL_CONVERSION = YES;
				CLANG_WARN_OBJC_ROOT_CLASS = YES_ERROR;
				CLANG_WARN_QUOTED_INCLUDE_IN_FRAMEWORK_HEADER = YES;
				CLANG_WARN_RANGE_LOOP_ANALYSIS = YES;
				CLANG_WARN_STRICT_PROTOTYPES = YES;
				CLANG_WARN_SUSPICIOUS_MOVE = YES;
				CLANG_WARN_UNGUARDED_AVAILABILITY = YES_AGGRESSIVE;
				CLANG_WARN_UNREACHABLE_CODE = YES;
				CLANG_WARN__DUPLICATE_METHOD_MATCH = YES;
				COPY_PHASE_STRIP = NO;
				DEBUG_INFORMATION_FORMAT = dwarf;
				ENABLE_STRICT_OBJC_MSGSEND = YES;
				ENABLE_TESTABILITY = YES;
				GCC_C_LANGUAGE_STANDARD = gnu11;
				GCC_DYNAMIC_NO_PIC = NO;
				GCC_NO_COMMON_BLOCKS = YES;
				GCC_OPTIMIZATION_LEVEL = 0;
				GCC_PREPROCESSOR_DEFINITIONS = (
					"DEBUG=1",
					"$(inherited)",
				);
				GCC_WARN_64_TO_32_BIT_CONVERSION = YES;
				GCC_WARN_ABOUT_RETURN_TYPE = YES_ERROR;
				GCC_WARN_UNDECLARED_SELECTOR = YES;
				GCC_WARN_UNINITIALIZED_AUTOS = YES_AGGRESSIVE;
				GCC_WARN_UNUSED_FUNCTION = YES;
				GCC_WARN_UNUSED_VARIABLE = YES;
				IPHONEOS_DEPLOYMENT_TARGET = 13.0;
				MTL_ENABLE_DEBUG_INFO = INCLUDE_SOURCE;
				MTL_FAST_MATH = YES;
				ONLY_ACTIVE_ARCH = YES;
				SDKROOT = iphoneos;
				SWIFT_ACTIVE_COMPILATION_CONDITIONS = DEBUG;
				SWIFT_OPTIMIZATION_LEVEL = "-Onone";
			};
			name = Debug;
		};
		217A1189277BB2A2007977CC /* Release */ = {
			isa = XCBuildConfiguration;
			buildSettings = {
				ALWAYS_SEARCH_USER_PATHS = NO;
				CLANG_ANALYZER_NONNULL = YES;
				CLANG_ANALYZER_NUMBER_OBJECT_CONVERSION = YES_AGGRESSIVE;
				CLANG_CXX_LANGUAGE_STANDARD = "gnu++17";
				CLANG_CXX_LIBRARY = "libc++";
				CLANG_ENABLE_MODULES = YES;
				CLANG_ENABLE_OBJC_ARC = YES;
				CLANG_ENABLE_OBJC_WEAK = YES;
				CLANG_WARN_BLOCK_CAPTURE_AUTORELEASING = YES;
				CLANG_WARN_BOOL_CONVERSION = YES;
				CLANG_WARN_COMMA = YES;
				CLANG_WARN_CONSTANT_CONVERSION = YES;
				CLANG_WARN_DEPRECATED_OBJC_IMPLEMENTATIONS = YES;
				CLANG_WARN_DIRECT_OBJC_ISA_USAGE = YES_ERROR;
				CLANG_WARN_DOCUMENTATION_COMMENTS = YES;
				CLANG_WARN_EMPTY_BODY = YES;
				CLANG_WARN_ENUM_CONVERSION = YES;
				CLANG_WARN_INFINITE_RECURSION = YES;
				CLANG_WARN_INT_CONVERSION = YES;
				CLANG_WARN_NON_LITERAL_NULL_CONVERSION = YES;
				CLANG_WARN_OBJC_IMPLICIT_RETAIN_SELF = YES;
				CLANG_WARN_OBJC_LITERAL_CONVERSION = YES;
				CLANG_WARN_OBJC_ROOT_CLASS = YES_ERROR;
				CLANG_WARN_QUOTED_INCLUDE_IN_FRAMEWORK_HEADER = YES;
				CLANG_WARN_RANGE_LOOP_ANALYSIS = YES;
				CLANG_WARN_STRICT_PROTOTYPES = YES;
				CLANG_WARN_SUSPICIOUS_MOVE = YES;
				CLANG_WARN_UNGUARDED_AVAILABILITY = YES_AGGRESSIVE;
				CLANG_WARN_UNREACHABLE_CODE = YES;
				CLANG_WARN__DUPLICATE_METHOD_MATCH = YES;
				COPY_PHASE_STRIP = NO;
				DEBUG_INFORMATION_FORMAT = "dwarf-with-dsym";
				ENABLE_NS_ASSERTIONS = NO;
				ENABLE_STRICT_OBJC_MSGSEND = YES;
				GCC_C_LANGUAGE_STANDARD = gnu11;
				GCC_NO_COMMON_BLOCKS = YES;
				GCC_WARN_64_TO_32_BIT_CONVERSION = YES;
				GCC_WARN_ABOUT_RETURN_TYPE = YES_ERROR;
				GCC_WARN_UNDECLARED_SELECTOR = YES;
				GCC_WARN_UNINITIALIZED_AUTOS = YES_AGGRESSIVE;
				GCC_WARN_UNUSED_FUNCTION = YES;
				GCC_WARN_UNUSED_VARIABLE = YES;
				IPHONEOS_DEPLOYMENT_TARGET = 13.0;
				MTL_ENABLE_DEBUG_INFO = NO;
				MTL_FAST_MATH = YES;
				SDKROOT = iphoneos;
				SWIFT_COMPILATION_MODE = wholemodule;
				SWIFT_OPTIMIZATION_LEVEL = "-O";
				VALIDATE_PRODUCT = YES;
			};
			name = Release;
		};
		217A118B277BB2A2007977CC /* Debug */ = {
			isa = XCBuildConfiguration;
			buildSettings = {
				ASSETCATALOG_COMPILER_APPICON_NAME = AppIcon;
				ASSETCATALOG_COMPILER_GLOBAL_ACCENT_COLOR_NAME = AccentColor;
				CODE_SIGN_STYLE = Automatic;
				CURRENT_PROJECT_VERSION = 1;
				DEVELOPMENT_TEAM = 6H647UGRRJ;
				GENERATE_INFOPLIST_FILE = YES;
				INFOPLIST_FILE = Resume/Info.plist;
				INFOPLIST_KEY_CFBundleDisplayName = "AJ's Resume";
				INFOPLIST_KEY_UIApplicationSupportsIndirectInputEvents = YES;
				INFOPLIST_KEY_UILaunchStoryboardName = LaunchScreen;
				INFOPLIST_KEY_UIMainStoryboardFile = Main;
				INFOPLIST_KEY_UISupportedInterfaceOrientations = "UIInterfaceOrientationPortrait UIInterfaceOrientationLandscapeLeft UIInterfaceOrientationLandscapeRight UIInterfaceOrientationPortraitUpsideDown";
				INFOPLIST_KEY_UISupportedInterfaceOrientations_iPad = "UIInterfaceOrientationPortrait UIInterfaceOrientationPortraitUpsideDown UIInterfaceOrientationLandscapeLeft UIInterfaceOrientationLandscapeRight";
				INFOPLIST_KEY_UISupportedInterfaceOrientations_iPhone = "UIInterfaceOrientationPortrait UIInterfaceOrientationLandscapeLeft UIInterfaceOrientationLandscapeRight";
				IPHONEOS_DEPLOYMENT_TARGET = 13.0;
				LD_RUNPATH_SEARCH_PATHS = (
					"$(inherited)",
					"@executable_path/Frameworks",
				);
				MARKETING_VERSION = 1.0;
				PRODUCT_BUNDLE_IDENTIFIER = com.aj.resume;
				PRODUCT_NAME = "$(TARGET_NAME)";
				SWIFT_EMIT_LOC_STRINGS = YES;
				SWIFT_VERSION = 5.0;
				TARGETED_DEVICE_FAMILY = 1;
			};
			name = Debug;
		};
		217A118C277BB2A2007977CC /* Release */ = {
			isa = XCBuildConfiguration;
			buildSettings = {
				ASSETCATALOG_COMPILER_APPICON_NAME = AppIcon;
				ASSETCATALOG_COMPILER_GLOBAL_ACCENT_COLOR_NAME = AccentColor;
				CODE_SIGN_STYLE = Automatic;
				CURRENT_PROJECT_VERSION = 1;
				DEVELOPMENT_TEAM = 6H647UGRRJ;
				GENERATE_INFOPLIST_FILE = YES;
				INFOPLIST_FILE = Resume/Info.plist;
				INFOPLIST_KEY_CFBundleDisplayName = "AJ's Resume";
				INFOPLIST_KEY_UIApplicationSupportsIndirectInputEvents = YES;
				INFOPLIST_KEY_UILaunchStoryboardName = LaunchScreen;
				INFOPLIST_KEY_UIMainStoryboardFile = Main;
				INFOPLIST_KEY_UISupportedInterfaceOrientations = "UIInterfaceOrientationPortrait UIInterfaceOrientationLandscapeLeft UIInterfaceOrientationLandscapeRight UIInterfaceOrientationPortraitUpsideDown";
				INFOPLIST_KEY_UISupportedInterfaceOrientations_iPad = "UIInterfaceOrientationPortrait UIInterfaceOrientationPortraitUpsideDown UIInterfaceOrientationLandscapeLeft UIInterfaceOrientationLandscapeRight";
				INFOPLIST_KEY_UISupportedInterfaceOrientations_iPhone = "UIInterfaceOrientationPortrait UIInterfaceOrientationLandscapeLeft UIInterfaceOrientationLandscapeRight";
				IPHONEOS_DEPLOYMENT_TARGET = 13.0;
				LD_RUNPATH_SEARCH_PATHS = (
					"$(inherited)",
					"@executable_path/Frameworks",
				);
				MARKETING_VERSION = 1.0;
				PRODUCT_BUNDLE_IDENTIFIER = com.aj.resume;
				PRODUCT_NAME = "$(TARGET_NAME)";
				SWIFT_EMIT_LOC_STRINGS = YES;
				SWIFT_VERSION = 5.0;
				TARGETED_DEVICE_FAMILY = 1;
			};
			name = Release;
		};
/* End XCBuildConfiguration section */

/* Begin XCConfigurationList section */
		217A1171277BB2A0007977CC /* Build configuration list for PBXProject "Resume" */ = {
			isa = XCConfigurationList;
			buildConfigurations = (
				217A1188277BB2A2007977CC /* Debug */,
				217A1189277BB2A2007977CC /* Release */,
			);
			defaultConfigurationIsVisible = 0;
			defaultConfigurationName = Release;
		};
		217A118A277BB2A2007977CC /* Build configuration list for PBXNativeTarget "Resume" */ = {
			isa = XCConfigurationList;
			buildConfigurations = (
				217A118B277BB2A2007977CC /* Debug */,
				217A118C277BB2A2007977CC /* Release */,
			);
			defaultConfigurationIsVisible = 0;
			defaultConfigurationName = Release;
		};
/* End XCConfigurationList section */
	};
	rootObject = 217A116E277BB2A0007977CC /* Project object */;
}
